
Microsoft Visual Studio Solution File, Format Version 12.00
# Visual Studio Version 17
VisualStudioVersion = 17.4.33205.214
MinimumVisualStudioVersion = 10.0.40219.1
Project("{888888A0-9F3D-457C-B088-3A5042F75D52}") = "grafika", "grafika\grafika.pyproj", "{7515A7A1-CE41-49FC-8615-D04B885EDDED}"
EndProject
Global
	GlobalSection(SolutionConfigurationPlatforms) = preSolution
		Debug|Any CPU = Debug|Any CPU
		Release|Any CPU = Release|Any CPU
	EndGlobalSection
	GlobalSection(ProjectConfigurationPlatforms) = postSolution
		{7515A7A1-CE41-49FC-8615-D04B885EDDED}.Debug|Any CPU.ActiveCfg = Debug|Any CPU
		{7515A7A1-CE41-49FC-8615-D04B885EDDED}.Release|Any CPU.ActiveCfg = Release|Any CPU
	EndGlobalSection
	GlobalSection(SolutionProperties) = preSolution
		HideSolutionNode = FALSE
	EndGlobalSection
	GlobalSection(ExtensibilityGlobals) = postSolution
		SolutionGuid = {87F58C33-81A3-4D63-BE9C-2A1FB6C3146A}
	EndGlobalSection
EndGlobal
